
Microsoft Visual Studio Solution File, Format Version 12.00
# Visual Studio Version 16
VisualStudioVersion = 16.0.29905.134
MinimumVisualStudioVersion = 10.0.40219.1
Project("{FAE04EC0-301F-11D3-BF4B-00C04F79EFBC}") = "Demo.AzFunctions", "Demo.AzFunctions\Demo.AzFunctions.csproj", "{B746BB08-6239-43B0-9C69-FCF317BEF00B}"
EndProject
Project("{FAE04EC0-301F-11D3-BF4B-00C04F79EFBC}") = "Demo.AzFunctions.PerfDriver", "Demo.AzFunctions.PerfDriver\Demo.AzFunctions.PerfDriver.csproj", "{E08F17A8-EA33-4FB9-80C1-874DDE9E675C}"
EndProject
Global
	GlobalSection(SolutionConfigurationPlatforms) = preSolution
		Debug|Any CPU = Debug|Any CPU
		Release|Any CPU = Release|Any CPU
	EndGlobalSection
	GlobalSection(ProjectConfigurationPlatforms) = postSolution
		{B746BB08-6239-43B0-9C69-FCF317BEF00B}.Debug|Any CPU.ActiveCfg = Debug|Any CPU
		{B746BB08-6239-43B0-9C69-FCF317BEF00B}.Debug|Any CPU.Build.0 = Debug|Any CPU
		{B746BB08-6239-43B0-9C69-FCF317BEF00B}.Release|Any CPU.ActiveCfg = Release|Any CPU
		{B746BB08-6239-43B0-9C69-FCF317BEF00B}.Release|Any CPU.Build.0 = Release|Any CPU
		{E08F17A8-EA33-4FB9-80C1-874DDE9E675C}.Debug|Any CPU.ActiveCfg = Debug|Any CPU
		{E08F17A8-EA33-4FB9-80C1-874DDE9E675C}.Debug|Any CPU.Build.0 = Debug|Any CPU
		{E08F17A8-EA33-4FB9-80C1-874DDE9E675C}.Release|Any CPU.ActiveCfg = Release|Any CPU
		{E08F17A8-EA33-4FB9-80C1-874DDE9E675C}.Release|Any CPU.Build.0 = Release|Any CPU
	EndGlobalSection
	GlobalSection(SolutionProperties) = preSolution
		HideSolutionNode = FALSE
	EndGlobalSection
	GlobalSection(ExtensibilityGlobals) = postSolution
		SolutionGuid = {D7CAC114-1F9A-49E8-A97A-FE0201A4BC13}
	EndGlobalSection
EndGlobal
